
Microsoft Visual Studio Solution File, Format Version 12.00
# Visual Studio 15
VisualStudioVersion = 15.0.28307.168
MinimumVisualStudioVersion = 10.0.40219.1
Project("{FAE04EC0-301F-11D3-BF4B-00C04F79EFBC}") = "VehicleMangementService", "VehicleMangementService\VehicleMangementService.csproj", "{0275EC83-CF6F-45F1-8D32-15A77E67C232}"
EndProject
Global
	GlobalSection(SolutionConfigurationPlatforms) = preSolution
		Debug|Any CPU = Debug|Any CPU
		Release|Any CPU = Release|Any CPU
	EndGlobalSection
	GlobalSection(ProjectConfigurationPlatforms) = postSolution
		{0275EC83-CF6F-45F1-8D32-15A77E67C232}.Debug|Any CPU.ActiveCfg = Debug|Any CPU
		{0275EC83-CF6F-45F1-8D32-15A77E67C232}.Debug|Any CPU.Build.0 = Debug|Any CPU
		{0275EC83-CF6F-45F1-8D32-15A77E67C232}.Release|Any CPU.ActiveCfg = Release|Any CPU
		{0275EC83-CF6F-45F1-8D32-15A77E67C232}.Release|Any CPU.Build.0 = Release|Any CPU
	EndGlobalSection
	GlobalSection(SolutionProperties) = preSolution
		HideSolutionNode = FALSE
	EndGlobalSection
	GlobalSection(ExtensibilityGlobals) = postSolution
		SolutionGuid = {9CE6E226-E645-4A89-B6AD-04C222706ACA}
	EndGlobalSection
EndGlobal
